
Microsoft Visual Studio Solution File, Format Version 12.00
# Visual Studio 15
VisualStudioVersion = 15.0.28307.168
MinimumVisualStudioVersion = 10.0.40219.1
Project("{FAE04EC0-301F-11D3-BF4B-00C04F79EFBC}") = "Card Creator V5.0", "Card Creator V5.0\Card Creator V5.0.csproj", "{1E867172-9A93-4ABA-AC0E-7CE29A6FECD3}"
EndProject
Global
	GlobalSection(SolutionConfigurationPlatforms) = preSolution
		Debug|Any CPU = Debug|Any CPU
		Release|Any CPU = Release|Any CPU
	EndGlobalSection
	GlobalSection(ProjectConfigurationPlatforms) = postSolution
		{1E867172-9A93-4ABA-AC0E-7CE29A6FECD3}.Debug|Any CPU.ActiveCfg = Debug|Any CPU
		{1E867172-9A93-4ABA-AC0E-7CE29A6FECD3}.Debug|Any CPU.Build.0 = Debug|Any CPU
		{1E867172-9A93-4ABA-AC0E-7CE29A6FECD3}.Release|Any CPU.ActiveCfg = Release|Any CPU
		{1E867172-9A93-4ABA-AC0E-7CE29A6FECD3}.Release|Any CPU.Build.0 = Release|Any CPU
	EndGlobalSection
	GlobalSection(SolutionProperties) = preSolution
		HideSolutionNode = FALSE
	EndGlobalSection
	GlobalSection(ExtensibilityGlobals) = postSolution
		SolutionGuid = {C4EED4DC-AD34-4E3B-9407-C06B514883DC}
	EndGlobalSection
EndGlobal
